// !$*UTF8*$!
{
	archiveVersion = 1;
	classes = {
	};
	objectVersion = 55;
	objects = {

/* Begin PBXBuildFile section */
		E0A22C4E279658F5009BDEE5 /* ScrumdingerApp.swift in Sources */ = {isa = PBXBuildFile; fileRef = E0A22C4D279658F5009BDEE5 /* ScrumdingerApp.swift */; };
		E0A22C50279658F5009BDEE5 /* MeetingView.swift in Sources */ = {isa = PBXBuildFile; fileRef = E0A22C4F279658F5009BDEE5 /* MeetingView.swift */; };
		E0A22C52279658F9009BDEE5 /* Assets.xcassets in Resources */ = {isa = PBXBuildFile; fileRef = E0A22C51279658F9009BDEE5 /* Assets.xcassets */; };
		E0A22C55279658F9009BDEE5 /* Preview Assets.xcassets in Resources */ = {isa = PBXBuildFile; fileRef = E0A22C54279658F9009BDEE5 /* Preview Assets.xcassets */; };
		E0A22C5F279658FA009BDEE5 /* ScrumdingerTests.swift in Sources */ = {isa = PBXBuildFile; fileRef = E0A22C5E279658FA009BDEE5 /* ScrumdingerTests.swift */; };
		E0A22C69279658FA009BDEE5 /* ScrumdingerUITests.swift in Sources */ = {isa = PBXBuildFile; fileRef = E0A22C68279658FA009BDEE5 /* ScrumdingerUITests.swift */; };
		E0A22C6B279658FA009BDEE5 /* ScrumdingerUITestsLaunchTests.swift in Sources */ = {isa = PBXBuildFile; fileRef = E0A22C6A279658FA009BDEE5 /* ScrumdingerUITestsLaunchTests.swift */; };
		E0A22C7927969EF6009BDEE5 /* Theme.swift in Sources */ = {isa = PBXBuildFile; fileRef = E0A22C7827969EF6009BDEE5 /* Theme.swift */; };
		E0A22C7B27969FA9009BDEE5 /* DailyScrum.swift in Sources */ = {isa = PBXBuildFile; fileRef = E0A22C7A27969FA9009BDEE5 /* DailyScrum.swift */; };
		E0A22C7E2796A0CC009BDEE5 /* CardView.swift in Sources */ = {isa = PBXBuildFile; fileRef = E0A22C7D2796A0CC009BDEE5 /* CardView.swift */; };
		E0A22C802796A544009BDEE5 /* TrailingIconLabelStyle.swift in Sources */ = {isa = PBXBuildFile; fileRef = E0A22C7F2796A544009BDEE5 /* TrailingIconLabelStyle.swift */; };
		E0A22C822796A7BF009BDEE5 /* ScrumsView.swift in Sources */ = {isa = PBXBuildFile; fileRef = E0A22C812796A7BF009BDEE5 /* ScrumsView.swift */; };
		E0A22C842796AB5F009BDEE5 /* DetailView.swift in Sources */ = {isa = PBXBuildFile; fileRef = E0A22C832796AB5F009BDEE5 /* DetailView.swift */; };
		E0A22C862797A002009BDEE5 /* DetailEditView.swift in Sources */ = {isa = PBXBuildFile; fileRef = E0A22C852797A002009BDEE5 /* DetailEditView.swift */; };
		E0A22C882797AA65009BDEE5 /* ThemeView.swift in Sources */ = {isa = PBXBuildFile; fileRef = E0A22C872797AA65009BDEE5 /* ThemeView.swift */; };
		E0A22C8B2797AD1D009BDEE5 /* ThemePicker.swift in Sources */ = {isa = PBXBuildFile; fileRef = E0A22C8A2797AD1D009BDEE5 /* ThemePicker.swift */; };
		E0A4BF27279802A3000C2A03 /* MeetingHeaderView.swift in Sources */ = {isa = PBXBuildFile; fileRef = E0A4BF26279802A3000C2A03 /* MeetingHeaderView.swift */; };
		E0A4BF2927980730000C2A03 /* ScrumProgressViewStyle.swift in Sources */ = {isa = PBXBuildFile; fileRef = E0A4BF2827980730000C2A03 /* ScrumProgressViewStyle.swift */; };
		E0A4BF2B279807FB000C2A03 /* ScrumTimer.swift in Sources */ = {isa = PBXBuildFile; fileRef = E0A4BF2A279807FB000C2A03 /* ScrumTimer.swift */; };
		E0A4BF2D27981059000C2A03 /* MeetingFooterView.swift in Sources */ = {isa = PBXBuildFile; fileRef = E0A4BF2C27981059000C2A03 /* MeetingFooterView.swift */; };
		E0A4BF372798F0D0000C2A03 /* ding.wav in Resources */ = {isa = PBXBuildFile; fileRef = E0A4BF362798F0D0000C2A03 /* ding.wav */; };
		E0A4BF3B27991FB4000C2A03 /* History.swift in Sources */ = {isa = PBXBuildFile; fileRef = E0A4BF3A27991FB3000C2A03 /* History.swift */; };
		E0A4BF3D27992502000C2A03 /* ScrumStore.swift in Sources */ = {isa = PBXBuildFile; fileRef = E0A4BF3C27992502000C2A03 /* ScrumStore.swift */; };
		E0A4BF3F27994603000C2A03 /* ErrorWrapper.swift in Sources */ = {isa = PBXBuildFile; fileRef = E0A4BF3E27994603000C2A03 /* ErrorWrapper.swift */; };
		E0A4BF412799469D000C2A03 /* ErrorView.swift in Sources */ = {isa = PBXBuildFile; fileRef = E0A4BF402799469D000C2A03 /* ErrorView.swift */; };
		E0A4BF44279A4033000C2A03 /* MeetingTimerView.swift in Sources */ = {isa = PBXBuildFile; fileRef = E0A4BF43279A4033000C2A03 /* MeetingTimerView.swift */; };
		E0A4BF46279A43EC000C2A03 /* SpeakerArc.swift in Sources */ = {isa = PBXBuildFile; fileRef = E0A4BF45279A43EC000C2A03 /* SpeakerArc.swift */; };
		E0A4BF48279E3742000C2A03 /* SpeechRecognizer.swift in Sources */ = {isa = PBXBuildFile; fileRef = E0A4BF47279E3742000C2A03 /* SpeechRecognizer.swift */; };
		E0A4BF4A279E4303000C2A03 /* HistoryView.swift in Sources */ = {isa = PBXBuildFile; fileRef = E0A4BF49279E4303000C2A03 /* HistoryView.swift */; };
/* End PBXBuildFile section */

/* Begin PBXContainerItemProxy section */
		E0A22C5B279658FA009BDEE5 /* PBXContainerItemProxy */ = {
			isa = PBXContainerItemProxy;
			containerPortal = E0A22C42279658F5009BDEE5 /* Project object */;
			proxyType = 1;
			remoteGlobalIDString = E0A22C49279658F5009BDEE5;
			remoteInfo = Scrumdinger;
		};
		E0A22C65279658FA009BDEE5 /* PBXContainerItemProxy */ = {
			isa = PBXContainerItemProxy;
			containerPortal = E0A22C42279658F5009BDEE5 /* Project object */;
			proxyType = 1;
			remoteGlobalIDString = E0A22C49279658F5009BDEE5;
			remoteInfo = Scrumdinger;
		};
/* End PBXContainerItemProxy section */

/* Begin PBXFileReference section */
		E0A22C4A279658F5009BDEE5 /* Scrumdinger.app */ = {isa = PBXFileReference; explicitFileType = wrapper.application; includeInIndex = 0; path = Scrumdinger.app; sourceTree = BUILT_PRODUCTS_DIR; };
		E0A22C4D279658F5009BDEE5 /* ScrumdingerApp.swift */ = {isa = PBXFileReference; lastKnownFileType = sourcecode.swift; path = ScrumdingerApp.swift; sourceTree = "<group>"; };
		E0A22C4F279658F5009BDEE5 /* MeetingView.swift */ = {isa = PBXFileReference; lastKnownFileType = sourcecode.swift; path = MeetingView.swift; sourceTree = "<group>"; };
		E0A22C51279658F9009BDEE5 /* Assets.xcassets */ = {isa = PBXFileReference; lastKnownFileType = folder.assetcatalog; path = Assets.xcassets; sourceTree = "<group>"; };
		E0A22C54279658F9009BDEE5 /* Preview Assets.xcassets */ = {isa = PBXFileReference; lastKnownFileType = folder.assetcatalog; path = "Preview Assets.xcassets"; sourceTree = "<group>"; };
		E0A22C5A279658FA009BDEE5 /* ScrumdingerTests.xctest */ = {isa = PBXFileReference; explicitFileType = wrapper.cfbundle; includeInIndex = 0; path = ScrumdingerTests.xctest; sourceTree = BUILT_PRODUCTS_DIR; };
		E0A22C5E279658FA009BDEE5 /* ScrumdingerTests.swift */ = {isa = PBXFileReference; lastKnownFileType = sourcecode.swift; path = ScrumdingerTests.swift; sourceTree = "<group>"; };
		E0A22C64279658FA009BDEE5 /* ScrumdingerUITests.xctest */ = {isa = PBXFileReference; explicitFileType = wrapper.cfbundle; includeInIndex = 0; path = ScrumdingerUITests.xctest; sourceTree = BUILT_PRODUCTS_DIR; };
		E0A22C68279658FA009BDEE5 /* ScrumdingerUITests.swift */ = {isa = PBXFileReference; lastKnownFileType = sourcecode.swift; path = ScrumdingerUITests.swift; sourceTree = "<group>"; };
		E0A22C6A279658FA009BDEE5 /* ScrumdingerUITestsLaunchTests.swift */ = {isa = PBXFileReference; lastKnownFileType = sourcecode.swift; path = ScrumdingerUITestsLaunchTests.swift; sourceTree = "<group>"; };
		E0A22C7827969EF6009BDEE5 /* Theme.swift */ = {isa = PBXFileReference; lastKnownFileType = sourcecode.swift; path = Theme.swift; sourceTree = "<group>"; };
		E0A22C7A27969FA9009BDEE5 /* DailyScrum.swift */ = {isa = PBXFileReference; lastKnownFileType = sourcecode.swift; path = DailyScrum.swift; sourceTree = "<group>"; };
		E0A22C7D2796A0CC009BDEE5 /* CardView.swift */ = {isa = PBXFileReference; lastKnownFileType = sourcecode.swift; path = CardView.swift; sourceTree = "<group>"; };
		E0A22C7F2796A544009BDEE5 /* TrailingIconLabelStyle.swift */ = {isa = PBXFileReference; lastKnownFileType = sourcecode.swift; path = TrailingIconLabelStyle.swift; sourceTree = "<group>"; };
		E0A22C812796A7BF009BDEE5 /* ScrumsView.swift */ = {isa = PBXFileReference; lastKnownFileType = sourcecode.swift; path = ScrumsView.swift; sourceTree = "<group>"; };
		E0A22C832796AB5F009BDEE5 /* DetailView.swift */ = {isa = PBXFileReference; lastKnownFileType = sourcecode.swift; path = DetailView.swift; sourceTree = "<group>"; };
		E0A22C852797A002009BDEE5 /* DetailEditView.swift */ = {isa = PBXFileReference; lastKnownFileType = sourcecode.swift; path = DetailEditView.swift; sourceTree = "<group>"; };
		E0A22C872797AA65009BDEE5 /* ThemeView.swift */ = {isa = PBXFileReference; lastKnownFileType = sourcecode.swift; path = ThemeView.swift; sourceTree = "<group>"; };
		E0A22C8A2797AD1D009BDEE5 /* ThemePicker.swift */ = {isa = PBXFileReference; lastKnownFileType = sourcecode.swift; path = ThemePicker.swift; sourceTree = "<group>"; };
		E0A4BF26279802A3000C2A03 /* MeetingHeaderView.swift */ = {isa = PBXFileReference; lastKnownFileType = sourcecode.swift; path = MeetingHeaderView.swift; sourceTree = "<group>"; };
		E0A4BF2827980730000C2A03 /* ScrumProgressViewStyle.swift */ = {isa = PBXFileReference; lastKnownFileType = sourcecode.swift; path = ScrumProgressViewStyle.swift; sourceTree = "<group>"; };
		E0A4BF2A279807FB000C2A03 /* ScrumTimer.swift */ = {isa = PBXFileReference; lastKnownFileType = sourcecode.swift; path = ScrumTimer.swift; sourceTree = "<group>"; };
		E0A4BF2C27981059000C2A03 /* MeetingFooterView.swift */ = {isa = PBXFileReference; lastKnownFileType = sourcecode.swift; path = MeetingFooterView.swift; sourceTree = "<group>"; };
		E0A4BF362798F0D0000C2A03 /* ding.wav */ = {isa = PBXFileReference; lastKnownFileType = audio.wav; path = ding.wav; sourceTree = "<group>"; };
		E0A4BF3A27991FB3000C2A03 /* History.swift */ = {isa = PBXFileReference; lastKnownFileType = sourcecode.swift; path = History.swift; sourceTree = "<group>"; };
		E0A4BF3C27992502000C2A03 /* ScrumStore.swift */ = {isa = PBXFileReference; lastKnownFileType = sourcecode.swift; path = ScrumStore.swift; sourceTree = "<group>"; };
		E0A4BF3E27994603000C2A03 /* ErrorWrapper.swift */ = {isa = PBXFileReference; lastKnownFileType = sourcecode.swift; path = ErrorWrapper.swift; sourceTree = "<group>"; };
		E0A4BF402799469D000C2A03 /* ErrorView.swift */ = {isa = PBXFileReference; lastKnownFileType = sourcecode.swift; name = ErrorView.swift; path = Scrumdinger/Presentation/Error/ErrorView.swift; sourceTree = SOURCE_ROOT; };
		E0A4BF43279A4033000C2A03 /* MeetingTimerView.swift */ = {isa = PBXFileReference; lastKnownFileType = sourcecode.swift; name = MeetingTimerView.swift; path = Scrumdinger/Presentation/Meeting/MeetingTimerView.swift; sourceTree = SOURCE_ROOT; };
		E0A4BF45279A43EC000C2A03 /* SpeakerArc.swift */ = {isa = PBXFileReference; lastKnownFileType = sourcecode.swift; name = SpeakerArc.swift; path = Scrumdinger/Presentation/Meeting/SpeakerArc.swift; sourceTree = SOURCE_ROOT; };
		E0A4BF47279E3742000C2A03 /* SpeechRecognizer.swift */ = {isa = PBXFileReference; lastKnownFileType = sourcecode.swift; path = SpeechRecognizer.swift; sourceTree = "<group>"; };
		E0A4BF49279E4303000C2A03 /* HistoryView.swift */ = {isa = PBXFileReference; lastKnownFileType = sourcecode.swift; path = HistoryView.swift; sourceTree = "<group>"; };
/* End PBXFileReference section */

/* Begin PBXFrameworksBuildPhase section */
		E0A22C47279658F5009BDEE5 /* Frameworks */ = {
			isa = PBXFrameworksBuildPhase;
			buildActionMask = 2147483647;
			files = (
			);
			runOnlyForDeploymentPostprocessing = 0;
		};
		E0A22C57279658FA009BDEE5 /* Frameworks */ = {
			isa = PBXFrameworksBuildPhase;
			buildActionMask = 2147483647;
			files = (
			);
			runOnlyForDeploymentPostprocessing = 0;
		};
		E0A22C61279658FA009BDEE5 /* Frameworks */ = {
			isa = PBXFrameworksBuildPhase;
			buildActionMask = 2147483647;
			files = (
			);
			runOnlyForDeploymentPostprocessing = 0;
		};
/* End PBXFrameworksBuildPhase section */

/* Begin PBXGroup section */
		E0A22C41279658F5009BDEE5 = {
			isa = PBXGroup;
			children = (
				E0A22C4C279658F5009BDEE5 /* Scrumdinger */,
				E0A22C5D279658FA009BDEE5 /* ScrumdingerTests */,
				E0A22C67279658FA009BDEE5 /* ScrumdingerUITests */,
				E0A22C4B279658F5009BDEE5 /* Products */,
			);
			sourceTree = "<group>";
		};
		E0A22C4B279658F5009BDEE5 /* Products */ = {
			isa = PBXGroup;
			children = (
				E0A22C4A279658F5009BDEE5 /* Scrumdinger.app */,
				E0A22C5A279658FA009BDEE5 /* ScrumdingerTests.xctest */,
				E0A22C64279658FA009BDEE5 /* ScrumdingerUITests.xctest */,
			);
			name = Products;
			sourceTree = "<group>";
		};
		E0A22C4C279658F5009BDEE5 /* Scrumdinger */ = {
			isa = PBXGroup;
			children = (
				E0A22C51279658F9009BDEE5 /* Assets.xcassets */,
				E0A22C7727969EE0009BDEE5 /* Models */,
				E0A22C7C2796A080009BDEE5 /* Presentation */,
				E0A22C53279658F9009BDEE5 /* Preview Content */,
				E0A4BF2E27981464000C2A03 /* Resources */,
				E0A22C4D279658F5009BDEE5 /* ScrumdingerApp.swift */,
			);
			path = Scrumdinger;
			sourceTree = "<group>";
		};
		E0A22C53279658F9009BDEE5 /* Preview Content */ = {
			isa = PBXGroup;
			children = (
				E0A22C54279658F9009BDEE5 /* Preview Assets.xcassets */,
			);
			path = "Preview Content";
			sourceTree = "<group>";
		};
		E0A22C5D279658FA009BDEE5 /* ScrumdingerTests */ = {
			isa = PBXGroup;
			children = (
				E0A22C5E279658FA009BDEE5 /* ScrumdingerTests.swift */,
			);
			path = ScrumdingerTests;
			sourceTree = "<group>";
		};
		E0A22C67279658FA009BDEE5 /* ScrumdingerUITests */ = {
			isa = PBXGroup;
			children = (
				E0A22C68279658FA009BDEE5 /* ScrumdingerUITests.swift */,
				E0A22C6A279658FA009BDEE5 /* ScrumdingerUITestsLaunchTests.swift */,
			);
			path = ScrumdingerUITests;
			sourceTree = "<group>";
		};
		E0A22C7727969EE0009BDEE5 /* Models */ = {
			isa = PBXGroup;
			children = (
				E0A22C7A27969FA9009BDEE5 /* DailyScrum.swift */,
				E0A4BF3E27994603000C2A03 /* ErrorWrapper.swift */,
				E0A4BF3A27991FB3000C2A03 /* History.swift */,
				E0A4BF3C27992502000C2A03 /* ScrumStore.swift */,
				E0A4BF2A279807FB000C2A03 /* ScrumTimer.swift */,
				E0A4BF47279E3742000C2A03 /* SpeechRecognizer.swift */,
				E0A22C7827969EF6009BDEE5 /* Theme.swift */,
			);
			path = Models;
			sourceTree = "<group>";
		};
		E0A22C7C2796A080009BDEE5 /* Presentation */ = {
			isa = PBXGroup;
			children = (
				E0A4BF352798F057000C2A03 /* Component */,
				E0A4BF342798F003000C2A03 /* Detail */,
				E0A4BF42279946A3000C2A03 /* Error */,
				E0A4BF4B279E430E000C2A03 /* History */,
				E0A4BF332798EFFA000C2A03 /* Meeting */,
				E0A4BF322798EFF0000C2A03 /* Scrum */,
				E0A4BF312798EF57000C2A03 /* Theme */,
			);
			path = Presentation;
			sourceTree = "<group>";
		};
		E0A4BF2E27981464000C2A03 /* Resources */ = {
			isa = PBXGroup;
			children = (
				E0A4BF362798F0D0000C2A03 /* ding.wav */,
			);
			path = Resources;
			sourceTree = "<group>";
		};
		E0A4BF312798EF57000C2A03 /* Theme */ = {
			isa = PBXGroup;
			children = (
				E0A22C8A2797AD1D009BDEE5 /* ThemePicker.swift */,
				E0A22C872797AA65009BDEE5 /* ThemeView.swift */,
			);
			path = Theme;
			sourceTree = "<group>";
		};
		E0A4BF322798EFF0000C2A03 /* Scrum */ = {
			isa = PBXGroup;
			children = (
				E0A4BF2827980730000C2A03 /* ScrumProgressViewStyle.swift */,
				E0A22C812796A7BF009BDEE5 /* ScrumsView.swift */,
			);
			path = Scrum;
			sourceTree = "<group>";
		};
		E0A4BF332798EFFA000C2A03 /* Meeting */ = {
			isa = PBXGroup;
			children = (
				E0A4BF2C27981059000C2A03 /* MeetingFooterView.swift */,
				E0A4BF26279802A3000C2A03 /* MeetingHeaderView.swift */,
				E0A4BF43279A4033000C2A03 /* MeetingTimerView.swift */,
				E0A22C4F279658F5009BDEE5 /* MeetingView.swift */,
			);
			path = Meeting;
			sourceTree = "<group>";
		};
		E0A4BF342798F003000C2A03 /* Detail */ = {
			isa = PBXGroup;
			children = (
				E0A22C852797A002009BDEE5 /* DetailEditView.swift */,
				E0A22C832796AB5F009BDEE5 /* DetailView.swift */,
			);
			path = Detail;
			sourceTree = "<group>";
		};
		E0A4BF352798F057000C2A03 /* Component */ = {
			isa = PBXGroup;
			children = (
				E0A22C7D2796A0CC009BDEE5 /* CardView.swift */,
				E0A4BF45279A43EC000C2A03 /* SpeakerArc.swift */,
				E0A22C7F2796A544009BDEE5 /* TrailingIconLabelStyle.swift */,
			);
			path = Component;
			sourceTree = "<group>";
		};
		E0A4BF42279946A3000C2A03 /* Error */ = {
			isa = PBXGroup;
			children = (
				E0A4BF402799469D000C2A03 /* ErrorView.swift */,
			);
			path = Error;
			sourceTree = "<group>";
		};
		E0A4BF4B279E430E000C2A03 /* History */ = {
			isa = PBXGroup;
			children = (
				E0A4BF49279E4303000C2A03 /* HistoryView.swift */,
			);
			path = History;
			sourceTree = "<group>";
		};
/* End PBXGroup section */

/* Begin PBXNativeTarget section */
		E0A22C49279658F5009BDEE5 /* Scrumdinger */ = {
			isa = PBXNativeTarget;
			buildConfigurationList = E0A22C6E279658FA009BDEE5 /* Build configuration list for PBXNativeTarget "Scrumdinger" */;
			buildPhases = (
				E0A22C46279658F5009BDEE5 /* Sources */,
				E0A22C47279658F5009BDEE5 /* Frameworks */,
				E0A22C48279658F5009BDEE5 /* Resources */,
			);
			buildRules = (
			);
			dependencies = (
			);
			name = Scrumdinger;
			productName = Scrumdinger;
			productReference = E0A22C4A279658F5009BDEE5 /* Scrumdinger.app */;
			productType = "com.apple.product-type.application";
		};
		E0A22C59279658FA009BDEE5 /* ScrumdingerTests */ = {
			isa = PBXNativeTarget;
			buildConfigurationList = E0A22C71279658FA009BDEE5 /* Build configuration list for PBXNativeTarget "ScrumdingerTests" */;
			buildPhases = (
				E0A22C56279658FA009BDEE5 /* Sources */,
				E0A22C57279658FA009BDEE5 /* Frameworks */,
				E0A22C58279658FA009BDEE5 /* Resources */,
			);
			buildRules = (
			);
			dependencies = (
				E0A22C5C279658FA009BDEE5 /* PBXTargetDependency */,
			);
			name = ScrumdingerTests;
			productName = ScrumdingerTests;
			productReference = E0A22C5A279658FA009BDEE5 /* ScrumdingerTests.xctest */;
			productType = "com.apple.product-type.bundle.unit-test";
		};
		E0A22C63279658FA009BDEE5 /* ScrumdingerUITests */ = {
			isa = PBXNativeTarget;
			buildConfigurationList = E0A22C74279658FA009BDEE5 /* Build configuration list for PBXNativeTarget "ScrumdingerUITests" */;
			buildPhases = (
				E0A22C60279658FA009BDEE5 /* Sources */,
				E0A22C61279658FA009BDEE5 /* Frameworks */,
				E0A22C62279658FA009BDEE5 /* Resources */,
			);
			buildRules = (
			);
			dependencies = (
				E0A22C66279658FA009BDEE5 /* PBXTargetDependency */,
			);
			name = ScrumdingerUITests;
			productName = ScrumdingerUITests;
			productReference = E0A22C64279658FA009BDEE5 /* ScrumdingerUITests.xctest */;
			productType = "com.apple.product-type.bundle.ui-testing";
		};
/* End PBXNativeTarget section */

/* Begin PBXProject section */
		E0A22C42279658F5009BDEE5 /* Project object */ = {
			isa = PBXProject;
			attributes = {
				BuildIndependentTargetsInParallel = 1;
				LastSwiftUpdateCheck = 1320;
				LastUpgradeCheck = 1320;
				TargetAttributes = {
					E0A22C49279658F5009BDEE5 = {
						CreatedOnToolsVersion = 13.2.1;
					};
					E0A22C59279658FA009BDEE5 = {
						CreatedOnToolsVersion = 13.2.1;
						TestTargetID = E0A22C49279658F5009BDEE5;
					};
					E0A22C63279658FA009BDEE5 = {
						CreatedOnToolsVersion = 13.2.1;
						TestTargetID = E0A22C49279658F5009BDEE5;
					};
				};
			};
			buildConfigurationList = E0A22C45279658F5009BDEE5 /* Build configuration list for PBXProject "Scrumdinger" */;
			compatibilityVersion = "Xcode 13.0";
			developmentRegion = en;
			hasScannedForEncodings = 0;
			knownRegions = (
				en,
				Base,
			);
			mainGroup = E0A22C41279658F5009BDEE5;
			productRefGroup = E0A22C4B279658F5009BDEE5 /* Products */;
			projectDirPath = "";
			projectRoot = "";
			targets = (
				E0A22C49279658F5009BDEE5 /* Scrumdinger */,
				E0A22C59279658FA009BDEE5 /* ScrumdingerTests */,
				E0A22C63279658FA009BDEE5 /* ScrumdingerUITests */,
			);
		};
/* End PBXProject section */

/* Begin PBXResourcesBuildPhase section */
		E0A22C48279658F5009BDEE5 /* Resources */ = {
			isa = PBXResourcesBuildPhase;
			buildActionMask = 2147483647;
			files = (
				E0A22C55279658F9009BDEE5 /* Preview Assets.xcassets in Resources */,
				E0A4BF372798F0D0000C2A03 /* ding.wav in Resources */,
				E0A22C52279658F9009BDEE5 /* Assets.xcassets in Resources */,
			);
			runOnlyForDeploymentPostprocessing = 0;
		};
		E0A22C58279658FA009BDEE5 /* Resources */ = {
			isa = PBXResourcesBuildPhase;
			buildActionMask = 2147483647;
			files = (
			);
			runOnlyForDeploymentPostprocessing = 0;
		};
		E0A22C62279658FA009BDEE5 /* Resources */ = {
			isa = PBXResourcesBuildPhase;
			buildActionMask = 2147483647;
			files = (
			);
			runOnlyForDeploymentPostprocessing = 0;
		};
/* End PBXResourcesBuildPhase section */

/* Begin PBXSourcesBuildPhase section */
		E0A22C46279658F5009BDEE5 /* Sources */ = {
			isa = PBXSourcesBuildPhase;
			buildActionMask = 2147483647;
			files = (
				E0A4BF3D27992502000C2A03 /* ScrumStore.swift in Sources */,
				E0A22C8B2797AD1D009BDEE5 /* ThemePicker.swift in Sources */,
				E0A4BF44279A4033000C2A03 /* MeetingTimerView.swift in Sources */,
				E0A4BF412799469D000C2A03 /* ErrorView.swift in Sources */,
				E0A4BF2927980730000C2A03 /* ScrumProgressViewStyle.swift in Sources */,
				E0A4BF2D27981059000C2A03 /* MeetingFooterView.swift in Sources */,
				E0A4BF4A279E4303000C2A03 /* HistoryView.swift in Sources */,
				E0A4BF2B279807FB000C2A03 /* ScrumTimer.swift in Sources */,
				E0A22C7B27969FA9009BDEE5 /* DailyScrum.swift in Sources */,
				E0A22C842796AB5F009BDEE5 /* DetailView.swift in Sources */,
				E0A4BF27279802A3000C2A03 /* MeetingHeaderView.swift in Sources */,
				E0A22C862797A002009BDEE5 /* DetailEditView.swift in Sources */,
				E0A22C802796A544009BDEE5 /* TrailingIconLabelStyle.swift in Sources */,
				E0A4BF46279A43EC000C2A03 /* SpeakerArc.swift in Sources */,
				E0A4BF48279E3742000C2A03 /* SpeechRecognizer.swift in Sources */,
				E0A22C7927969EF6009BDEE5 /* Theme.swift in Sources */,
				E0A4BF3B27991FB4000C2A03 /* History.swift in Sources */,
				E0A4BF3F27994603000C2A03 /* ErrorWrapper.swift in Sources */,
				E0A22C822796A7BF009BDEE5 /* ScrumsView.swift in Sources */,
				E0A22C50279658F5009BDEE5 /* MeetingView.swift in Sources */,
				E0A22C4E279658F5009BDEE5 /* ScrumdingerApp.swift in Sources */,
				E0A22C882797AA65009BDEE5 /* ThemeView.swift in Sources */,
				E0A22C7E2796A0CC009BDEE5 /* CardView.swift in Sources */,
			);
			runOnlyForDeploymentPostprocessing = 0;
		};
		E0A22C56279658FA009BDEE5 /* Sources */ = {
			isa = PBXSourcesBuildPhase;
			buildActionMask = 2147483647;
			files = (
				E0A22C5F279658FA009BDEE5 /* ScrumdingerTests.swift in Sources */,
			);
			runOnlyForDeploymentPostprocessing = 0;
		};
		E0A22C60279658FA009BDEE5 /* Sources */ = {
			isa = PBXSourcesBuildPhase;
			buildActionMask = 2147483647;
			files = (
				E0A22C6B279658FA009BDEE5 /* ScrumdingerUITestsLaunchTests.swift in Sources */,
				E0A22C69279658FA009BDEE5 /* ScrumdingerUITests.swift in Sources */,
			);
			runOnlyForDeploymentPostprocessing = 0;
		};
/* End PBXSourcesBuildPhase section */

/* Begin PBXTargetDependency section */
		E0A22C5C279658FA009BDEE5 /* PBXTargetDependency */ = {
			isa = PBXTargetDependency;
			target = E0A22C49279658F5009BDEE5 /* Scrumdinger */;
			targetProxy = E0A22C5B279658FA009BDEE5 /* PBXContainerItemProxy */;
		};
		E0A22C66279658FA009BDEE5 /* PBXTargetDependency */ = {
			isa = PBXTargetDependency;
			target = E0A22C49279658F5009BDEE5 /* Scrumdinger */;
			targetProxy = E0A22C65279658FA009BDEE5 /* PBXContainerItemProxy */;
		};
/* End PBXTargetDependency section */

/* Begin XCBuildConfiguration section */
		E0A22C6C279658FA009BDEE5 /* Debug */ = {
			isa = XCBuildConfiguration;
			buildSettings = {
				ALWAYS_SEARCH_USER_PATHS = NO;
				CLANG_ANALYZER_NONNULL = YES;
				CLANG_ANALYZER_NUMBER_OBJECT_CONVERSION = YES_AGGRESSIVE;
				CLANG_CXX_LANGUAGE_STANDARD = "gnu++17";
				CLANG_CXX_LIBRARY = "libc++";
				CLANG_ENABLE_MODULES = YES;
				CLANG_ENABLE_OBJC_ARC = YES;
				CLANG_ENABLE_OBJC_WEAK = YES;
				CLANG_WARN_BLOCK_CAPTURE_AUTORELEASING = YES;
				CLANG_WARN_BOOL_CONVERSION = YES;
				CLANG_WARN_COMMA = YES;
				CLANG_WARN_CONSTANT_CONVERSION = YES;
				CLANG_WARN_DEPRECATED_OBJC_IMPLEMENTATIONS = YES;
				CLANG_WARN_DIRECT_OBJC_ISA_USAGE = YES_ERROR;
				CLANG_WARN_DOCUMENTATION_COMMENTS = YES;
				CLANG_WARN_EMPTY_BODY = YES;
				CLANG_WARN_ENUM_CONVERSION = YES;
				CLANG_WARN_INFINITE_RECURSION = YES;
				CLANG_WARN_INT_CONVERSION = YES;
				CLANG_WARN_NON_LITERAL_NULL_CONVERSION = YES;
				CLANG_WARN_OBJC_IMPLICIT_RETAIN_SELF = YES;
				CLANG_WARN_OBJC_LITERAL_CONVERSION = YES;
				CLANG_WARN_OBJC_ROOT_CLASS = YES_ERROR;
				CLANG_WARN_QUOTED_INCLUDE_IN_FRAMEWORK_HEADER = YES;
				CLANG_WARN_RANGE_LOOP_ANALYSIS = YES;
				CLANG_WARN_STRICT_PROTOTYPES = YES;
				CLANG_WARN_SUSPICIOUS_MOVE = YES;
				CLANG_WARN_UNGUARDED_AVAILABILITY = YES_AGGRESSIVE;
				CLANG_WARN_UNREACHABLE_CODE = YES;
				CLANG_WARN__DUPLICATE_METHOD_MATCH = YES;
				COPY_PHASE_STRIP = NO;
				DEBUG_INFORMATION_FORMAT = dwarf;
				ENABLE_STRICT_OBJC_MSGSEND = YES;
				ENABLE_TESTABILITY = YES;
				GCC_C_LANGUAGE_STANDARD = gnu11;
				GCC_DYNAMIC_NO_PIC = NO;
				GCC_NO_COMMON_BLOCKS = YES;
				GCC_OPTIMIZATION_LEVEL = 0;
				GCC_PREPROCESSOR_DEFINITIONS = (
					"DEBUG=1",
					"$(inherited)",
				);
				GCC_WARN_64_TO_32_BIT_CONVERSION = YES;
				GCC_WARN_ABOUT_RETURN_TYPE = YES_ERROR;
				GCC_WARN_UNDECLARED_SELECTOR = YES;
				GCC_WARN_UNINITIALIZED_AUTOS = YES_AGGRESSIVE;
				GCC_WARN_UNUSED_FUNCTION = YES;
				GCC_WARN_UNUSED_VARIABLE = YES;
				IPHONEOS_DEPLOYMENT_TARGET = 15.0;
				MTL_ENABLE_DEBUG_INFO = INCLUDE_SOURCE;
				MTL_FAST_MATH = YES;
				ONLY_ACTIVE_ARCH = YES;
				SDKROOT = iphoneos;
				SWIFT_ACTIVE_COMPILATION_CONDITIONS = DEBUG;
				SWIFT_OPTIMIZATION_LEVEL = "-Onone";
			};
			name = Debug;
		};
		E0A22C6D279658FA009BDEE5 /* Release */ = {
			isa = XCBuildConfiguration;
			buildSettings = {
				ALWAYS_SEARCH_USER_PATHS = NO;
				CLANG_ANALYZER_NONNULL = YES;
				CLANG_ANALYZER_NUMBER_OBJECT_CONVERSION = YES_AGGRESSIVE;
				CLANG_CXX_LANGUAGE_STANDARD = "gnu++17";
				CLANG_CXX_LIBRARY = "libc++";
				CLANG_ENABLE_MODULES = YES;
				CLANG_ENABLE_OBJC_ARC = YES;
				CLANG_ENABLE_OBJC_WEAK = YES;
				CLANG_WARN_BLOCK_CAPTURE_AUTORELEASING = YES;
				CLANG_WARN_BOOL_CONVERSION = YES;
				CLANG_WARN_COMMA = YES;
				CLANG_WARN_CONSTANT_CONVERSION = YES;
				CLANG_WARN_DEPRECATED_OBJC_IMPLEMENTATIONS = YES;
				CLANG_WARN_DIRECT_OBJC_ISA_USAGE = YES_ERROR;
				CLANG_WARN_DOCUMENTATION_COMMENTS = YES;
				CLANG_WARN_EMPTY_BODY = YES;
				CLANG_WARN_ENUM_CONVERSION = YES;
				CLANG_WARN_INFINITE_RECURSION = YES;
				CLANG_WARN_INT_CONVERSION = YES;
				CLANG_WARN_NON_LITERAL_NULL_CONVERSION = YES;
				CLANG_WARN_OBJC_IMPLICIT_RETAIN_SELF = YES;
				CLANG_WARN_OBJC_LITERAL_CONVERSION = YES;
				CLANG_WARN_OBJC_ROOT_CLASS = YES_ERROR;
				CLANG_WARN_QUOTED_INCLUDE_IN_FRAMEWORK_HEADER = YES;
				CLANG_WARN_RANGE_LOOP_ANALYSIS = YES;
				CLANG_WARN_STRICT_PROTOTYPES = YES;
				CLANG_WARN_SUSPICIOUS_MOVE = YES;
				CLANG_WARN_UNGUARDED_AVAILABILITY = YES_AGGRESSIVE;
				CLANG_WARN_UNREACHABLE_CODE = YES;
				CLANG_WARN__DUPLICATE_METHOD_MATCH = YES;
				COPY_PHASE_STRIP = NO;
				DEBUG_INFORMATION_FORMAT = "dwarf-with-dsym";
				ENABLE_NS_ASSERTIONS = NO;
				ENABLE_STRICT_OBJC_MSGSEND = YES;
				GCC_C_LANGUAGE_STANDARD = gnu11;
				GCC_NO_COMMON_BLOCKS = YES;
				GCC_WARN_64_TO_32_BIT_CONVERSION = YES;
				GCC_WARN_ABOUT_RETURN_TYPE = YES_ERROR;
				GCC_WARN_UNDECLARED_SELECTOR = YES;
				GCC_WARN_UNINITIALIZED_AUTOS = YES_AGGRESSIVE;
				GCC_WARN_UNUSED_FUNCTION = YES;
				GCC_WARN_UNUSED_VARIABLE = YES;
				IPHONEOS_DEPLOYMENT_TARGET = 15.0;
				MTL_ENABLE_DEBUG_INFO = NO;
				MTL_FAST_MATH = YES;
				SDKROOT = iphoneos;
				SWIFT_COMPILATION_MODE = wholemodule;
				SWIFT_OPTIMIZATION_LEVEL = "-O";
				VALIDATE_PRODUCT = YES;
			};
			name = Release;
		};
		E0A22C6F279658FA009BDEE5 /* Debug */ = {
			isa = XCBuildConfiguration;
			buildSettings = {
				ASSETCATALOG_COMPILER_APPICON_NAME = AppIcon;
				ASSETCATALOG_COMPILER_GLOBAL_ACCENT_COLOR_NAME = AccentColor;
				CODE_SIGN_STYLE = Automatic;
				CURRENT_PROJECT_VERSION = 1;
				DEVELOPMENT_ASSET_PATHS = "\"Scrumdinger/Preview Content\"";
				DEVELOPMENT_TEAM = A87E3C6AWD;
				ENABLE_PREVIEWS = YES;
				GENERATE_INFOPLIST_FILE = YES;
				INFOPLIST_KEY_NSMicrophoneUsageDescription = "会議を転写するために音声が録音されます。 音声録音は、音声文字変換後に破棄されます。";
				INFOPLIST_KEY_NSSpeechRecognitionUsageDescription = "アプリで会議のテキスト文字起こしを見ることができます。";
				INFOPLIST_KEY_UIApplicationSceneManifest_Generation = YES;
				INFOPLIST_KEY_UIApplicationSupportsIndirectInputEvents = YES;
				INFOPLIST_KEY_UILaunchScreen_Generation = YES;
				INFOPLIST_KEY_UISupportedInterfaceOrientations_iPad = "UIInterfaceOrientationPortrait UIInterfaceOrientationPortraitUpsideDown UIInterfaceOrientationLandscapeLeft UIInterfaceOrientationLandscapeRight";
				INFOPLIST_KEY_UISupportedInterfaceOrientations_iPhone = "UIInterfaceOrientationPortrait UIInterfaceOrientationLandscapeLeft UIInterfaceOrientationLandscapeRight";
				LD_RUNPATH_SEARCH_PATHS = (
					"$(inherited)",
					"@executable_path/Frameworks",
				);
				MARKETING_VERSION = 1.0;
				PRODUCT_BUNDLE_IDENTIFIER = com.sample.Scrumdinger;
				PRODUCT_NAME = "$(TARGET_NAME)";
				SWIFT_EMIT_LOC_STRINGS = YES;
				SWIFT_VERSION = 5.0;
				TARGETED_DEVICE_FAMILY = "1,2";
			};
			name = Debug;
		};
		E0A22C70279658FA009BDEE5 /* Release */ = {
			isa = XCBuildConfiguration;
			buildSettings = {
				ASSETCATALOG_COMPILER_APPICON_NAME = AppIcon;
				ASSETCATALOG_COMPILER_GLOBAL_ACCENT_COLOR_NAME = AccentColor;
				CODE_SIGN_STYLE = Automatic;
				CURRENT_PROJECT_VERSION = 1;
				DEVELOPMENT_ASSET_PATHS = "\"Scrumdinger/Preview Content\"";
				DEVELOPMENT_TEAM = A87E3C6AWD;
				ENABLE_PREVIEWS = YES;
				GENERATE_INFOPLIST_FILE = YES;
				INFOPLIST_KEY_NSMicrophoneUsageDescription = "会議を転写するために音声が録音されます。 音声録音は、音声文字変換後に破棄されます。";
				INFOPLIST_KEY_NSSpeechRecognitionUsageDescription = "アプリで会議のテキスト文字起こしを見ることができます。";
				INFOPLIST_KEY_UIApplicationSceneManifest_Generation = YES;
				INFOPLIST_KEY_UIApplicationSupportsIndirectInputEvents = YES;
				INFOPLIST_KEY_UILaunchScreen_Generation = YES;
				INFOPLIST_KEY_UISupportedInterfaceOrientations_iPad = "UIInterfaceOrientationPortrait UIInterfaceOrientationPortraitUpsideDown UIInterfaceOrientationLandscapeLeft UIInterfaceOrientationLandscapeRight";
				INFOPLIST_KEY_UISupportedInterfaceOrientations_iPhone = "UIInterfaceOrientationPortrait UIInterfaceOrientationLandscapeLeft UIInterfaceOrientationLandscapeRight";
				LD_RUNPATH_SEARCH_PATHS = (
					"$(inherited)",
					"@executable_path/Frameworks",
				);
				MARKETING_VERSION = 1.0;
				PRODUCT_BUNDLE_IDENTIFIER = com.sample.Scrumdinger;
				PRODUCT_NAME = "$(TARGET_NAME)";
				SWIFT_EMIT_LOC_STRINGS = YES;
				SWIFT_VERSION = 5.0;
				TARGETED_DEVICE_FAMILY = "1,2";
			};
			name = Release;
		};
		E0A22C72279658FA009BDEE5 /* Debug */ = {
			isa = XCBuildConfiguration;
			buildSettings = {
				ALWAYS_EMBED_SWIFT_STANDARD_LIBRARIES = YES;
				BUNDLE_LOADER = "$(TEST_HOST)";
				CODE_SIGN_STYLE = Automatic;
				CURRENT_PROJECT_VERSION = 1;
				DEVELOPMENT_TEAM = XZNC538P3Z;
				GENERATE_INFOPLIST_FILE = YES;
				IPHONEOS_DEPLOYMENT_TARGET = 15.2;
				MARKETING_VERSION = 1.0;
				PRODUCT_BUNDLE_IDENTIFIER = com.sample.ScrumdingerTests;
				PRODUCT_NAME = "$(TARGET_NAME)";
				SWIFT_EMIT_LOC_STRINGS = NO;
				SWIFT_VERSION = 5.0;
				TARGETED_DEVICE_FAMILY = "1,2";
				TEST_HOST = "$(BUILT_PRODUCTS_DIR)/Scrumdinger.app/Scrumdinger";
			};
			name = Debug;
		};
		E0A22C73279658FA009BDEE5 /* Release */ = {
			isa = XCBuildConfiguration;
			buildSettings = {
				ALWAYS_EMBED_SWIFT_STANDARD_LIBRARIES = YES;
				BUNDLE_LOADER = "$(TEST_HOST)";
				CODE_SIGN_STYLE = Automatic;
				CURRENT_PROJECT_VERSION = 1;
				DEVELOPMENT_TEAM = XZNC538P3Z;
				GENERATE_INFOPLIST_FILE = YES;
				IPHONEOS_DEPLOYMENT_TARGET = 15.2;
				MARKETING_VERSION = 1.0;
				PRODUCT_BUNDLE_IDENTIFIER = com.sample.ScrumdingerTests;
				PRODUCT_NAME = "$(TARGET_NAME)";
				SWIFT_EMIT_LOC_STRINGS = NO;
				SWIFT_VERSION = 5.0;
				TARGETED_DEVICE_FAMILY = "1,2";
				TEST_HOST = "$(BUILT_PRODUCTS_DIR)/Scrumdinger.app/Scrumdinger";
			};
			name = Release;
		};
		E0A22C75279658FA009BDEE5 /* Debug */ = {
			isa = XCBuildConfiguration;
			buildSettings = {
				ALWAYS_EMBED_SWIFT_STANDARD_LIBRARIES = YES;
				CODE_SIGN_STYLE = Automatic;
				CURRENT_PROJECT_VERSION = 1;
				DEVELOPMENT_TEAM = XZNC538P3Z;
				GENERATE_INFOPLIST_FILE = YES;
				MARKETING_VERSION = 1.0;
				PRODUCT_BUNDLE_IDENTIFIER = com.sample.ScrumdingerUITests;
				PRODUCT_NAME = "$(TARGET_NAME)";
				SWIFT_EMIT_LOC_STRINGS = NO;
				SWIFT_VERSION = 5.0;
				TARGETED_DEVICE_FAMILY = "1,2";
				TEST_TARGET_NAME = Scrumdinger;
			};
			name = Debug;
		};
		E0A22C76279658FA009BDEE5 /* Release */ = {
			isa = XCBuildConfiguration;
			buildSettings = {
				ALWAYS_EMBED_SWIFT_STANDARD_LIBRARIES = YES;
				CODE_SIGN_STYLE = Automatic;
				CURRENT_PROJECT_VERSION = 1;
				DEVELOPMENT_TEAM = XZNC538P3Z;
				GENERATE_INFOPLIST_FILE = YES;
				MARKETING_VERSION = 1.0;
				PRODUCT_BUNDLE_IDENTIFIER = com.sample.ScrumdingerUITests;
				PRODUCT_NAME = "$(TARGET_NAME)";
				SWIFT_EMIT_LOC_STRINGS = NO;
				SWIFT_VERSION = 5.0;
				TARGETED_DEVICE_FAMILY = "1,2";
				TEST_TARGET_NAME = Scrumdinger;
			};
			name = Release;
		};
/* End XCBuildConfiguration section */

/* Begin XCConfigurationList section */
		E0A22C45279658F5009BDEE5 /* Build configuration list for PBXProject "Scrumdinger" */ = {
			isa = XCConfigurationList;
			buildConfigurations = (
				E0A22C6C279658FA009BDEE5 /* Debug */,
				E0A22C6D279658FA009BDEE5 /* Release */,
			);
			defaultConfigurationIsVisible = 0;
			defaultConfigurationName = Release;
		};
		E0A22C6E279658FA009BDEE5 /* Build configuration list for PBXNativeTarget "Scrumdinger" */ = {
			isa = XCConfigurationList;
			buildConfigurations = (
				E0A22C6F279658FA009BDEE5 /* Debug */,
				E0A22C70279658FA009BDEE5 /* Release */,
			);
			defaultConfigurationIsVisible = 0;
			defaultConfigurationName = Release;
		};
		E0A22C71279658FA009BDEE5 /* Build configuration list for PBXNativeTarget "ScrumdingerTests" */ = {
			isa = XCConfigurationList;
			buildConfigurations = (
				E0A22C72279658FA009BDEE5 /* Debug */,
				E0A22C73279658FA009BDEE5 /* Release */,
			);
			defaultConfigurationIsVisible = 0;
			defaultConfigurationName = Release;
		};
		E0A22C74279658FA009BDEE5 /* Build configuration list for PBXNativeTarget "ScrumdingerUITests" */ = {
			isa = XCConfigurationList;
			buildConfigurations = (
				E0A22C75279658FA009BDEE5 /* Debug */,
				E0A22C76279658FA009BDEE5 /* Release */,
			);
			defaultConfigurationIsVisible = 0;
			defaultConfigurationName = Release;
		};
/* End XCConfigurationList section */
	};
	rootObject = E0A22C42279658F5009BDEE5 /* Project object */;
}
